
Microsoft Visual Studio Solution File, Format Version 12.00
# Visual Studio Version 16
VisualStudioVersion = 16.0.31624.102
MinimumVisualStudioVersion = 10.0.40219.1
Project("{FAE04EC0-301F-11D3-BF4B-00C04F79EFBC}") = "APIExample", "APIExample.csproj", "{C0ADC995-5A51-4060-BC87-97DC0AFA1C2F}"
EndProject
Global
	GlobalSection(SolutionConfigurationPlatforms) = preSolution
		Debug|Any CPU = Debug|Any CPU
		Debug|x64 = Debug|x64
		Release|Any CPU = Release|Any CPU
		Release|x64 = Release|x64
	EndGlobalSection
	GlobalSection(ProjectConfigurationPlatforms) = postSolution
		{C0ADC995-5A51-4060-BC87-97DC0AFA1C2F}.Debug|Any CPU.ActiveCfg = Debug|Any CPU
		{C0ADC995-5A51-4060-BC87-97DC0AFA1C2F}.Debug|Any CPU.Build.0 = Debug|Any CPU
		{C0ADC995-5A51-4060-BC87-97DC0AFA1C2F}.Debug|x64.ActiveCfg = Debug|x64
		{C0ADC995-5A51-4060-BC87-97DC0AFA1C2F}.Debug|x64.Build.0 = Debug|x64
		{C0ADC995-5A51-4060-BC87-97DC0AFA1C2F}.Release|Any CPU.ActiveCfg = Release|Any CPU
		{C0ADC995-5A51-4060-BC87-97DC0AFA1C2F}.Release|Any CPU.Build.0 = Release|Any CPU
		{C0ADC995-5A51-4060-BC87-97DC0AFA1C2F}.Release|x64.ActiveCfg = Release|x64
		{C0ADC995-5A51-4060-BC87-97DC0AFA1C2F}.Release|x64.Build.0 = Release|x64
	EndGlobalSection
	GlobalSection(SolutionProperties) = preSolution
		HideSolutionNode = FALSE
	EndGlobalSection
	GlobalSection(ExtensibilityGlobals) = postSolution
		SolutionGuid = {B139F5C1-43BE-4C6F-906D-70A7A6429417}
	EndGlobalSection
EndGlobal
