
Microsoft Visual Studio Solution File, Format Version 12.00
# Visual Studio Version 16
VisualStudioVersion = 16.0.30717.126
MinimumVisualStudioVersion = 10.0.40219.1
Project("{9A19103F-16F7-4668-BE54-9A1E7A4F7556}") = "OneToOneVideo", "OneToOneVideo\OneToOneVideo.csproj", "{BE8DA674-99CC-419E-9E14-D35AE60A4902}"
EndProject
Global
	GlobalSection(SolutionConfigurationPlatforms) = preSolution
		Debug|Any CPU = Debug|Any CPU
		Debug|x64 = Debug|x64
		Release|Any CPU = Release|Any CPU
		Release|x64 = Release|x64
	EndGlobalSection
	GlobalSection(ProjectConfigurationPlatforms) = postSolution
		{BE8DA674-99CC-419E-9E14-D35AE60A4902}.Debug|Any CPU.ActiveCfg = Debug|Any CPU
		{BE8DA674-99CC-419E-9E14-D35AE60A4902}.Debug|Any CPU.Build.0 = Debug|Any CPU
		{BE8DA674-99CC-419E-9E14-D35AE60A4902}.Debug|x64.ActiveCfg = Debug|x64
		{BE8DA674-99CC-419E-9E14-D35AE60A4902}.Debug|x64.Build.0 = Debug|x64
		{BE8DA674-99CC-419E-9E14-D35AE60A4902}.Release|Any CPU.ActiveCfg = Release|Any CPU
		{BE8DA674-99CC-419E-9E14-D35AE60A4902}.Release|Any CPU.Build.0 = Release|Any CPU
		{BE8DA674-99CC-419E-9E14-D35AE60A4902}.Release|x64.ActiveCfg = Release|x64
		{BE8DA674-99CC-419E-9E14-D35AE60A4902}.Release|x64.Build.0 = Release|x64
	EndGlobalSection
	GlobalSection(SolutionProperties) = preSolution
		HideSolutionNode = FALSE
	EndGlobalSection
	GlobalSection(ExtensibilityGlobals) = postSolution
		SolutionGuid = {D9997A74-5CD6-451A-805E-3BFB24F56FAA}
	EndGlobalSection
EndGlobal
