
Microsoft Visual Studio Solution File, Format Version 12.00
# Visual Studio Version 16
VisualStudioVersion = 16.0.31613.86
MinimumVisualStudioVersion = 10.0.40219.1
Project("{9A19103F-16F7-4668-BE54-9A1E7A4F7556}") = "agorartc", "agorartc\agorartc.csproj", "{24688F75-0421-4F58-BE51-9D4865DDA616}"
EndProject
Global
	GlobalSection(SolutionConfigurationPlatforms) = preSolution
		Debug|Any CPU = Debug|Any CPU
		Debug|x64 = Debug|x64
		Debug|x86 = Debug|x86
		Release|Any CPU = Release|Any CPU
		Release|x64 = Release|x64
		Release|x86 = Release|x86
	EndGlobalSection
	GlobalSection(ProjectConfigurationPlatforms) = postSolution
		{24688F75-0421-4F58-BE51-9D4865DDA616}.Debug|Any CPU.ActiveCfg = Debug|x64
		{24688F75-0421-4F58-BE51-9D4865DDA616}.Debug|Any CPU.Build.0 = Debug|x64
		{24688F75-0421-4F58-BE51-9D4865DDA616}.Debug|x64.ActiveCfg = Debug|x64
		{24688F75-0421-4F58-BE51-9D4865DDA616}.Debug|x64.Build.0 = Debug|x64
		{24688F75-0421-4F58-BE51-9D4865DDA616}.Debug|x86.ActiveCfg = Debug|x86
		{24688F75-0421-4F58-BE51-9D4865DDA616}.Debug|x86.Build.0 = Debug|x86
		{24688F75-0421-4F58-BE51-9D4865DDA616}.Release|Any CPU.ActiveCfg = Release|Any CPU
		{24688F75-0421-4F58-BE51-9D4865DDA616}.Release|Any CPU.Build.0 = Release|Any CPU
		{24688F75-0421-4F58-BE51-9D4865DDA616}.Release|x64.ActiveCfg = Release|x64
		{24688F75-0421-4F58-BE51-9D4865DDA616}.Release|x64.Build.0 = Release|x64
		{24688F75-0421-4F58-BE51-9D4865DDA616}.Release|x86.ActiveCfg = Release|x86
		{24688F75-0421-4F58-BE51-9D4865DDA616}.Release|x86.Build.0 = Release|x86
	EndGlobalSection
	GlobalSection(SolutionProperties) = preSolution
		HideSolutionNode = FALSE
	EndGlobalSection
	GlobalSection(ExtensibilityGlobals) = postSolution
		SolutionGuid = {341D365A-80DF-4C31-8F35-01400CBC3EA6}
	EndGlobalSection
EndGlobal
